
Microsoft Visual Studio Solution File, Format Version 12.00
# Visual Studio Version 17
VisualStudioVersion = 17.8.34330.188
MinimumVisualStudioVersion = 10.0.40219.1
Project("{FAE04EC0-301F-11D3-BF4B-00C04F79EFBC}") = "MobileProfitCalculator", "MobileProfitCalculator.csproj", "{A4741CF3-B474-4BA0-9301-2D964468221D}"
EndProject
Global
	GlobalSection(SolutionConfigurationPlatforms) = preSolution
		Debug|Any CPU = Debug|Any CPU
		Release|Any CPU = Release|Any CPU
	EndGlobalSection
	GlobalSection(ProjectConfigurationPlatforms) = postSolution
		{A4741CF3-B474-4BA0-9301-2D964468221D}.Debug|Any CPU.ActiveCfg = Debug|Any CPU
		{A4741CF3-B474-4BA0-9301-2D964468221D}.Debug|Any CPU.Build.0 = Debug|Any CPU
		{A4741CF3-B474-4BA0-9301-2D964468221D}.Release|Any CPU.ActiveCfg = Release|Any CPU
		{A4741CF3-B474-4BA0-9301-2D964468221D}.Release|Any CPU.Build.0 = Release|Any CPU
	EndGlobalSection
	GlobalSection(SolutionProperties) = preSolution
		HideSolutionNode = FALSE
	EndGlobalSection
	GlobalSection(ExtensibilityGlobals) = postSolution
		SolutionGuid = {0B7149C4-4258-4655-B72C-A698AD5794FE}
	EndGlobalSection
EndGlobal
